
Microsoft Visual Studio Solution File, Format Version 12.00
# Visual Studio Version 16
VisualStudioVersion = 16.0.30517.126
MinimumVisualStudioVersion = 10.0.40219.1
Project("{FAE04EC0-301F-11D3-BF4B-00C04F79EFBC}") = "UserMaintenance", "UserMaintenance\UserMaintenance.csproj", "{375D7352-6F94-4F12-A4B7-D59AED3ECB8B}"
EndProject
Global
	GlobalSection(SolutionConfigurationPlatforms) = preSolution
		Debug|Any CPU = Debug|Any CPU
		Release|Any CPU = Release|Any CPU
	EndGlobalSection
	GlobalSection(ProjectConfigurationPlatforms) = postSolution
		{375D7352-6F94-4F12-A4B7-D59AED3ECB8B}.Debug|Any CPU.ActiveCfg = Debug|Any CPU
		{375D7352-6F94-4F12-A4B7-D59AED3ECB8B}.Debug|Any CPU.Build.0 = Debug|Any CPU
		{375D7352-6F94-4F12-A4B7-D59AED3ECB8B}.Release|Any CPU.ActiveCfg = Release|Any CPU
		{375D7352-6F94-4F12-A4B7-D59AED3ECB8B}.Release|Any CPU.Build.0 = Release|Any CPU
	EndGlobalSection
	GlobalSection(SolutionProperties) = preSolution
		HideSolutionNode = FALSE
	EndGlobalSection
	GlobalSection(ExtensibilityGlobals) = postSolution
		SolutionGuid = {293D1FC7-D7AD-4EAA-B4F6-CA0EFFA020AF}
	EndGlobalSection
EndGlobal
