
Microsoft Visual Studio Solution File, Format Version 12.00
# Visual Studio Version 16
VisualStudioVersion = 16.0.30517.126
MinimumVisualStudioVersion = 10.0.40219.1
Project("{FAE04EC0-301F-11D3-BF4B-00C04F79EFBC}") = "4_feladat", "4_feladat\4_feladat.csproj", "{33905206-44CF-4EE1-B648-D2080E5E2812}"
EndProject
Global
	GlobalSection(SolutionConfigurationPlatforms) = preSolution
		Debug|Any CPU = Debug|Any CPU
		Release|Any CPU = Release|Any CPU
	EndGlobalSection
	GlobalSection(ProjectConfigurationPlatforms) = postSolution
		{33905206-44CF-4EE1-B648-D2080E5E2812}.Debug|Any CPU.ActiveCfg = Debug|Any CPU
		{33905206-44CF-4EE1-B648-D2080E5E2812}.Debug|Any CPU.Build.0 = Debug|Any CPU
		{33905206-44CF-4EE1-B648-D2080E5E2812}.Release|Any CPU.ActiveCfg = Release|Any CPU
		{33905206-44CF-4EE1-B648-D2080E5E2812}.Release|Any CPU.Build.0 = Release|Any CPU
	EndGlobalSection
	GlobalSection(SolutionProperties) = preSolution
		HideSolutionNode = FALSE
	EndGlobalSection
	GlobalSection(ExtensibilityGlobals) = postSolution
		SolutionGuid = {F33B7F7A-D20E-4B7C-83D0-9FA9B9535F6A}
	EndGlobalSection
EndGlobal
