
Microsoft Visual Studio Solution File, Format Version 12.00
# Visual Studio Version 16
VisualStudioVersion = 16.0.30523.141
MinimumVisualStudioVersion = 10.0.40219.1
Project("{FAE04EC0-301F-11D3-BF4B-00C04F79EFBC}") = "5_feladat", "5_feladat\5_feladat.csproj", "{D7F39808-6A0D-4DEB-9A9A-A04DAF9C265B}"
EndProject
Global
	GlobalSection(SolutionConfigurationPlatforms) = preSolution
		Debug|Any CPU = Debug|Any CPU
		Release|Any CPU = Release|Any CPU
	EndGlobalSection
	GlobalSection(ProjectConfigurationPlatforms) = postSolution
		{D7F39808-6A0D-4DEB-9A9A-A04DAF9C265B}.Debug|Any CPU.ActiveCfg = Debug|Any CPU
		{D7F39808-6A0D-4DEB-9A9A-A04DAF9C265B}.Debug|Any CPU.Build.0 = Debug|Any CPU
		{D7F39808-6A0D-4DEB-9A9A-A04DAF9C265B}.Release|Any CPU.ActiveCfg = Release|Any CPU
		{D7F39808-6A0D-4DEB-9A9A-A04DAF9C265B}.Release|Any CPU.Build.0 = Release|Any CPU
	EndGlobalSection
	GlobalSection(SolutionProperties) = preSolution
		HideSolutionNode = FALSE
	EndGlobalSection
	GlobalSection(ExtensibilityGlobals) = postSolution
		SolutionGuid = {B62EFDFC-C8EF-4710-A48D-0E71A0FDA52E}
	EndGlobalSection
EndGlobal
